
Microsoft Visual Studio Solution File, Format Version 12.00
# Visual Studio Version 17
VisualStudioVersion = 17.14.36623.8 d17.14
MinimumVisualStudioVersion = 10.0.40219.1
Project("{FAE04EC0-301F-11D3-BF4B-00C04F79EFBC}") = "AssetInsight", "AssetInsight\AssetInsight.csproj", "{D97A23FF-C125-4281-97C0-9D7870DE5C24}"
EndProject
Project("{FAE04EC0-301F-11D3-BF4B-00C04F79EFBC}") = "AssetInsight.Data", "AssetInsight.Data\AssetInsight.Data.csproj", "{A040572B-02A6-4D67-98A6-71109E764572}"
EndProject
Project("{FAE04EC0-301F-11D3-BF4B-00C04F79EFBC}") = "AssetInsight.Core", "AssetInsight.Core\AssetInsight.Core.csproj", "{725269EC-18FA-4FB0-9707-117909D935F3}"
EndProject
Global
	GlobalSection(SolutionConfigurationPlatforms) = preSolution
		Debug|Any CPU = Debug|Any CPU
		Release|Any CPU = Release|Any CPU
	EndGlobalSection
	GlobalSection(ProjectConfigurationPlatforms) = postSolution
		{D97A23FF-C125-4281-97C0-9D7870DE5C24}.Debug|Any CPU.ActiveCfg = Debug|Any CPU
		{D97A23FF-C125-4281-97C0-9D7870DE5C24}.Debug|Any CPU.Build.0 = Debug|Any CPU
		{D97A23FF-C125-4281-97C0-9D7870DE5C24}.Release|Any CPU.ActiveCfg = Release|Any CPU
		{D97A23FF-C125-4281-97C0-9D7870DE5C24}.Release|Any CPU.Build.0 = Release|Any CPU
		{A040572B-02A6-4D67-98A6-71109E764572}.Debug|Any CPU.ActiveCfg = Debug|Any CPU
		{A040572B-02A6-4D67-98A6-71109E764572}.Debug|Any CPU.Build.0 = Debug|Any CPU
		{A040572B-02A6-4D67-98A6-71109E764572}.Release|Any CPU.ActiveCfg = Release|Any CPU
		{A040572B-02A6-4D67-98A6-71109E764572}.Release|Any CPU.Build.0 = Release|Any CPU
		{725269EC-18FA-4FB0-9707-117909D935F3}.Debug|Any CPU.ActiveCfg = Debug|Any CPU
		{725269EC-18FA-4FB0-9707-117909D935F3}.Debug|Any CPU.Build.0 = Debug|Any CPU
		{725269EC-18FA-4FB0-9707-117909D935F3}.Release|Any CPU.ActiveCfg = Release|Any CPU
		{725269EC-18FA-4FB0-9707-117909D935F3}.Release|Any CPU.Build.0 = Release|Any CPU
	EndGlobalSection
	GlobalSection(SolutionProperties) = preSolution
		HideSolutionNode = FALSE
	EndGlobalSection
	GlobalSection(ExtensibilityGlobals) = postSolution
		SolutionGuid = {C5302291-76F7-4EBB-83E0-B0FA1635E932}
	EndGlobalSection
EndGlobal
